
Microsoft Visual Studio Solution File, Format Version 10.00
# Visual Studio 2008
Project("{FAE04EC0-301F-11D3-BF4B-00C04F79EFBC}") = "oil", "oil\oil.csproj", "{CA693EFF-529B-42C0-9697-F88FFF3E01A1}"
EndProject
Global
	GlobalSection(SolutionConfigurationPlatforms) = preSolution
		Debug|Any CPU = Debug|Any CPU
		Release|Any CPU = Release|Any CPU
	EndGlobalSection
	GlobalSection(ProjectConfigurationPlatforms) = postSolution
		{CA693EFF-529B-42C0-9697-F88FFF3E01A1}.Debug|Any CPU.ActiveCfg = Debug|Any CPU
		{CA693EFF-529B-42C0-9697-F88FFF3E01A1}.Debug|Any CPU.Build.0 = Debug|Any CPU
		{CA693EFF-529B-42C0-9697-F88FFF3E01A1}.Release|Any CPU.ActiveCfg = Release|Any CPU
		{CA693EFF-529B-42C0-9697-F88FFF3E01A1}.Release|Any CPU.Build.0 = Release|Any CPU
	EndGlobalSection
	GlobalSection(SolutionProperties) = preSolution
		HideSolutionNode = FALSE
	EndGlobalSection
EndGlobal
